
Microsoft Visual Studio Solution File, Format Version 12.00
Project("{FAE04EC0-301F-11D3-BF4B-00C04F79EFBC}") = "PacketSystem", "PacketSystem\PacketSystem.csproj", "{D192B0EB-581B-4C30-8C3E-B445100004A6}"
EndProject
Project("{FAE04EC0-301F-11D3-BF4B-00C04F79EFBC}") = "PacketTest", "PacketTest\PacketTest.csproj", "{090A097A-5661-4FC0-A845-A4D5E4D0CA8B}"
EndProject
Global
	GlobalSection(SolutionConfigurationPlatforms) = preSolution
		Debug|Any CPU = Debug|Any CPU
		Release|Any CPU = Release|Any CPU
	EndGlobalSection
	GlobalSection(ProjectConfigurationPlatforms) = postSolution
		{D192B0EB-581B-4C30-8C3E-B445100004A6}.Debug|Any CPU.ActiveCfg = Debug|Any CPU
		{D192B0EB-581B-4C30-8C3E-B445100004A6}.Debug|Any CPU.Build.0 = Debug|Any CPU
		{D192B0EB-581B-4C30-8C3E-B445100004A6}.Release|Any CPU.ActiveCfg = Release|Any CPU
		{D192B0EB-581B-4C30-8C3E-B445100004A6}.Release|Any CPU.Build.0 = Release|Any CPU
		{090A097A-5661-4FC0-A845-A4D5E4D0CA8B}.Debug|Any CPU.ActiveCfg = Debug|Any CPU
		{090A097A-5661-4FC0-A845-A4D5E4D0CA8B}.Debug|Any CPU.Build.0 = Debug|Any CPU
		{090A097A-5661-4FC0-A845-A4D5E4D0CA8B}.Release|Any CPU.ActiveCfg = Release|Any CPU
		{090A097A-5661-4FC0-A845-A4D5E4D0CA8B}.Release|Any CPU.Build.0 = Release|Any CPU
	EndGlobalSection
EndGlobal
